
Microsoft Visual Studio Solution File, Format Version 12.00
# Visual Studio 15
Project("{FAE04EC0-301F-11D3-BF4B-00C04F79EFBC}") = "Assembly-CSharp", "Assembly-CSharp.csproj", "{1CF8D562-2585-D29D-868E-070AD9C20C34}"
EndProject
Global
	GlobalSection(SolutionConfigurationPlatforms) = preSolution
		Debug|Any CPU = Debug|Any CPU
		Release|Any CPU = Release|Any CPU
	EndGlobalSection
	GlobalSection(ProjectConfigurationPlatforms) = postSolution
		{1CF8D562-2585-D29D-868E-070AD9C20C34}.Debug|Any CPU.ActiveCfg = Debug|Any CPU
		{1CF8D562-2585-D29D-868E-070AD9C20C34}.Debug|Any CPU.Build.0 = Debug|Any CPU
		{1CF8D562-2585-D29D-868E-070AD9C20C34}.Release|Any CPU.ActiveCfg = Release|Any CPU
		{1CF8D562-2585-D29D-868E-070AD9C20C34}.Release|Any CPU.Build.0 = Release|Any CPU
	EndGlobalSection
	GlobalSection(SolutionProperties) = preSolution
		HideSolutionNode = FALSE
	EndGlobalSection
EndGlobal
